
Microsoft Visual Studio Solution File, Format Version 12.00
# Visual Studio Version 17
VisualStudioVersion = 17.8.34330.188
MinimumVisualStudioVersion = 10.0.40219.1
Project("{FAE04EC0-301F-11D3-BF4B-00C04F79EFBC}") = "UI", "UI\UI.csproj", "{2719F466-66AD-4DE1-882F-954B02D89DB2}"
	ProjectSection(ProjectDependencies) = postProject
		{7D67BDB5-BA34-4E98-9FA2-796A208F0679} = {7D67BDB5-BA34-4E98-9FA2-796A208F0679}
		{81E00B60-6F3E-49DE-B340-93E4DD433DB9} = {81E00B60-6F3E-49DE-B340-93E4DD433DB9}
		{CE01E097-7466-46E6-9A8B-A446787E57E4} = {CE01E097-7466-46E6-9A8B-A446787E57E4}
	EndProjectSection
EndProject
Project("{FAE04EC0-301F-11D3-BF4B-00C04F79EFBC}") = "Infrastructure", "Infrastructure\Infrastructure.csproj", "{7D67BDB5-BA34-4E98-9FA2-796A208F0679}"
EndProject
Project("{FAE04EC0-301F-11D3-BF4B-00C04F79EFBC}") = "Domain", "Domain\Domain.csproj", "{CE01E097-7466-46E6-9A8B-A446787E57E4}"
EndProject
Project("{FAE04EC0-301F-11D3-BF4B-00C04F79EFBC}") = "Application", "Application\Application.csproj", "{81E00B60-6F3E-49DE-B340-93E4DD433DB9}"
EndProject
Global
	GlobalSection(SolutionConfigurationPlatforms) = preSolution
		Debug|Any CPU = Debug|Any CPU
		Release|Any CPU = Release|Any CPU
	EndGlobalSection
	GlobalSection(ProjectConfigurationPlatforms) = postSolution
		{2719F466-66AD-4DE1-882F-954B02D89DB2}.Debug|Any CPU.ActiveCfg = Debug|Any CPU
		{2719F466-66AD-4DE1-882F-954B02D89DB2}.Debug|Any CPU.Build.0 = Debug|Any CPU
		{2719F466-66AD-4DE1-882F-954B02D89DB2}.Release|Any CPU.ActiveCfg = Release|Any CPU
		{2719F466-66AD-4DE1-882F-954B02D89DB2}.Release|Any CPU.Build.0 = Release|Any CPU
		{7D67BDB5-BA34-4E98-9FA2-796A208F0679}.Debug|Any CPU.ActiveCfg = Debug|Any CPU
		{7D67BDB5-BA34-4E98-9FA2-796A208F0679}.Debug|Any CPU.Build.0 = Debug|Any CPU
		{7D67BDB5-BA34-4E98-9FA2-796A208F0679}.Release|Any CPU.ActiveCfg = Release|Any CPU
		{7D67BDB5-BA34-4E98-9FA2-796A208F0679}.Release|Any CPU.Build.0 = Release|Any CPU
		{CE01E097-7466-46E6-9A8B-A446787E57E4}.Debug|Any CPU.ActiveCfg = Debug|Any CPU
		{CE01E097-7466-46E6-9A8B-A446787E57E4}.Debug|Any CPU.Build.0 = Debug|Any CPU
		{CE01E097-7466-46E6-9A8B-A446787E57E4}.Release|Any CPU.ActiveCfg = Release|Any CPU
		{CE01E097-7466-46E6-9A8B-A446787E57E4}.Release|Any CPU.Build.0 = Release|Any CPU
		{81E00B60-6F3E-49DE-B340-93E4DD433DB9}.Debug|Any CPU.ActiveCfg = Debug|Any CPU
		{81E00B60-6F3E-49DE-B340-93E4DD433DB9}.Debug|Any CPU.Build.0 = Debug|Any CPU
		{81E00B60-6F3E-49DE-B340-93E4DD433DB9}.Release|Any CPU.ActiveCfg = Release|Any CPU
		{81E00B60-6F3E-49DE-B340-93E4DD433DB9}.Release|Any CPU.Build.0 = Release|Any CPU
	EndGlobalSection
	GlobalSection(SolutionProperties) = preSolution
		HideSolutionNode = FALSE
	EndGlobalSection
	GlobalSection(ExtensibilityGlobals) = postSolution
		SolutionGuid = {820C608A-7465-4F8C-88D1-86AE8A4013CA}
	EndGlobalSection
EndGlobal
